
Microsoft Visual Studio Solution File, Format Version 12.00
# Visual Studio Version 17
VisualStudioVersion = 17.0.31903.59
MinimumVisualStudioVersion = 10.0.40219.1
Project("{FAE04EC0-301F-11D3-BF4B-00C04F79EFBC}") = "CloudGames.Games.Application", "CloudGames.Games.Application\CloudGames.Games.Application.csproj", "{9C21D28B-C481-4E35-A02D-A8297E63DCB1}"
EndProject
Project("{FAE04EC0-301F-11D3-BF4B-00C04F79EFBC}") = "CloudGames.Games.Domain", "CloudGames.Games.Domain\CloudGames.Games.Domain.csproj", "{DB081856-84F7-4B63-82A4-3C62FCBCA1D7}"
EndProject
Project("{FAE04EC0-301F-11D3-BF4B-00C04F79EFBC}") = "CloudGames.Games.Infra", "CloudGames.Games.Infra\CloudGames.Games.Infra.csproj", "{E6D2581C-1FE1-4146-89F1-1CEC2DF9BE5C}"
EndProject
Project("{FAE04EC0-301F-11D3-BF4B-00C04F79EFBC}") = "CloudGames.Games.Web", "CloudGames.Games.Web\CloudGames.Games.Web.csproj", "{49A5E1DF-A039-4C4E-A78B-305F0044662E}"
EndProject
Global
	GlobalSection(SolutionConfigurationPlatforms) = preSolution
		Debug|Any CPU = Debug|Any CPU
		Debug|x64 = Debug|x64
		Debug|x86 = Debug|x86
		Release|Any CPU = Release|Any CPU
		Release|x64 = Release|x64
		Release|x86 = Release|x86
	EndGlobalSection
	GlobalSection(ProjectConfigurationPlatforms) = postSolution
		{9C21D28B-C481-4E35-A02D-A8297E63DCB1}.Debug|Any CPU.ActiveCfg = Debug|Any CPU
		{9C21D28B-C481-4E35-A02D-A8297E63DCB1}.Debug|Any CPU.Build.0 = Debug|Any CPU
		{9C21D28B-C481-4E35-A02D-A8297E63DCB1}.Debug|x64.ActiveCfg = Debug|Any CPU
		{9C21D28B-C481-4E35-A02D-A8297E63DCB1}.Debug|x64.Build.0 = Debug|Any CPU
		{9C21D28B-C481-4E35-A02D-A8297E63DCB1}.Debug|x86.ActiveCfg = Debug|Any CPU
		{9C21D28B-C481-4E35-A02D-A8297E63DCB1}.Debug|x86.Build.0 = Debug|Any CPU
		{9C21D28B-C481-4E35-A02D-A8297E63DCB1}.Release|Any CPU.ActiveCfg = Release|Any CPU
		{9C21D28B-C481-4E35-A02D-A8297E63DCB1}.Release|Any CPU.Build.0 = Release|Any CPU
		{9C21D28B-C481-4E35-A02D-A8297E63DCB1}.Release|x64.ActiveCfg = Release|Any CPU
		{9C21D28B-C481-4E35-A02D-A8297E63DCB1}.Release|x64.Build.0 = Release|Any CPU
		{9C21D28B-C481-4E35-A02D-A8297E63DCB1}.Release|x86.ActiveCfg = Release|Any CPU
		{9C21D28B-C481-4E35-A02D-A8297E63DCB1}.Release|x86.Build.0 = Release|Any CPU
		{DB081856-84F7-4B63-82A4-3C62FCBCA1D7}.Debug|Any CPU.ActiveCfg = Debug|Any CPU
		{DB081856-84F7-4B63-82A4-3C62FCBCA1D7}.Debug|Any CPU.Build.0 = Debug|Any CPU
		{DB081856-84F7-4B63-82A4-3C62FCBCA1D7}.Debug|x64.ActiveCfg = Debug|Any CPU
		{DB081856-84F7-4B63-82A4-3C62FCBCA1D7}.Debug|x64.Build.0 = Debug|Any CPU
		{DB081856-84F7-4B63-82A4-3C62FCBCA1D7}.Debug|x86.ActiveCfg = Debug|Any CPU
		{DB081856-84F7-4B63-82A4-3C62FCBCA1D7}.Debug|x86.Build.0 = Debug|Any CPU
		{DB081856-84F7-4B63-82A4-3C62FCBCA1D7}.Release|Any CPU.ActiveCfg = Release|Any CPU
		{DB081856-84F7-4B63-82A4-3C62FCBCA1D7}.Release|Any CPU.Build.0 = Release|Any CPU
		{DB081856-84F7-4B63-82A4-3C62FCBCA1D7}.Release|x64.ActiveCfg = Release|Any CPU
		{DB081856-84F7-4B63-82A4-3C62FCBCA1D7}.Release|x64.Build.0 = Release|Any CPU
		{DB081856-84F7-4B63-82A4-3C62FCBCA1D7}.Release|x86.ActiveCfg = Release|Any CPU
		{DB081856-84F7-4B63-82A4-3C62FCBCA1D7}.Release|x86.Build.0 = Release|Any CPU
		{E6D2581C-1FE1-4146-89F1-1CEC2DF9BE5C}.Debug|Any CPU.ActiveCfg = Debug|Any CPU
		{E6D2581C-1FE1-4146-89F1-1CEC2DF9BE5C}.Debug|Any CPU.Build.0 = Debug|Any CPU
		{E6D2581C-1FE1-4146-89F1-1CEC2DF9BE5C}.Debug|x64.ActiveCfg = Debug|Any CPU
		{E6D2581C-1FE1-4146-89F1-1CEC2DF9BE5C}.Debug|x64.Build.0 = Debug|Any CPU
		{E6D2581C-1FE1-4146-89F1-1CEC2DF9BE5C}.Debug|x86.ActiveCfg = Debug|Any CPU
		{E6D2581C-1FE1-4146-89F1-1CEC2DF9BE5C}.Debug|x86.Build.0 = Debug|Any CPU
		{E6D2581C-1FE1-4146-89F1-1CEC2DF9BE5C}.Release|Any CPU.ActiveCfg = Release|Any CPU
		{E6D2581C-1FE1-4146-89F1-1CEC2DF9BE5C}.Release|Any CPU.Build.0 = Release|Any CPU
		{E6D2581C-1FE1-4146-89F1-1CEC2DF9BE5C}.Release|x64.ActiveCfg = Release|Any CPU
		{E6D2581C-1FE1-4146-89F1-1CEC2DF9BE5C}.Release|x64.Build.0 = Release|Any CPU
		{E6D2581C-1FE1-4146-89F1-1CEC2DF9BE5C}.Release|x86.ActiveCfg = Release|Any CPU
		{E6D2581C-1FE1-4146-89F1-1CEC2DF9BE5C}.Release|x86.Build.0 = Release|Any CPU
		{49A5E1DF-A039-4C4E-A78B-305F0044662E}.Debug|Any CPU.ActiveCfg = Debug|Any CPU
		{49A5E1DF-A039-4C4E-A78B-305F0044662E}.Debug|Any CPU.Build.0 = Debug|Any CPU
		{49A5E1DF-A039-4C4E-A78B-305F0044662E}.Debug|x64.ActiveCfg = Debug|Any CPU
		{49A5E1DF-A039-4C4E-A78B-305F0044662E}.Debug|x64.Build.0 = Debug|Any CPU
		{49A5E1DF-A039-4C4E-A78B-305F0044662E}.Debug|x86.ActiveCfg = Debug|Any CPU
		{49A5E1DF-A039-4C4E-A78B-305F0044662E}.Debug|x86.Build.0 = Debug|Any CPU
		{49A5E1DF-A039-4C4E-A78B-305F0044662E}.Release|Any CPU.ActiveCfg = Release|Any CPU
		{49A5E1DF-A039-4C4E-A78B-305F0044662E}.Release|Any CPU.Build.0 = Release|Any CPU
		{49A5E1DF-A039-4C4E-A78B-305F0044662E}.Release|x64.ActiveCfg = Release|Any CPU
		{49A5E1DF-A039-4C4E-A78B-305F0044662E}.Release|x64.Build.0 = Release|Any CPU
		{49A5E1DF-A039-4C4E-A78B-305F0044662E}.Release|x86.ActiveCfg = Release|Any CPU
		{49A5E1DF-A039-4C4E-A78B-305F0044662E}.Release|x86.Build.0 = Release|Any CPU
	EndGlobalSection
	GlobalSection(SolutionProperties) = preSolution
		HideSolutionNode = FALSE
	EndGlobalSection
EndGlobal
